<?xml version="1.0" encoding="utf-8"?>
<Project ToolsVersion="4.0" xmlns="http://schemas.microsoft.com/developer/msbuild/2003">
  <ItemGroup>
    <ClCompile Include="GameTest.cpp" />
    <ClCompile Include="stdafx.cpp" />
    <ClCompile Include="App\app.cpp">
      <Filter>API</Filter>
    </ClCompile>
    <ClCompile Include="App\main.cpp">
      <Filter>API</Filter>
    </ClCompile>
    <ClCompile Include="App\SimpleController.cpp">
      <Filter>API</Filter>
    </ClCompile>
    <ClCompile Include="App\SimpleSound.cpp">
      <Filter>API</Filter>
    </ClCompile>
    <ClCompile Include="App\SimpleSprite.cpp">
      <Filter>API</Filter>
    </ClCompile>
    <ClCompile Include="stb_image\stb_image.cpp">
      <Filter>stb_image</Filter>
    </ClCompile>
    <ClCompile Include="src\graphics\camera.cpp">
      <Filter>Engine\Graphics</Filter>
    </ClCompile>
    <ClCompile Include="src\graphics\color.cpp">
      <Filter>Engine\Graphics</Filter>
    </ClCompile>
    <ClCompile Include="src\graphics\debug.cpp">
      <Filter>Engine\Graphics</Filter>
    </ClCompile>
    <ClCompile Include="src\graphics\font.cpp">
      <Filter>Engine\Graphics</Filter>
    </ClCompile>
    <ClCompile Include="src\math\matrix.cpp">
      <Filter>Engine\Math</Filter>
    </ClCompile>
    <ClCompile Include="src\math\quaternion.cpp">
      <Filter>Engine\Math</Filter>
    </ClCompile>
    <ClCompile Include="src\math\vec4.cpp">
      <Filter>Engine\Math</Filter>
    </ClCompile>
    <ClCompile Include="src\math\ivec2.cpp">
      <Filter>Engine\Math</Filter>
    </ClCompile>
    <ClCompile Include="src\math\vec3.cpp">
      <Filter>Engine\Math</Filter>
    </ClCompile>
    <ClCompile Include="src\math\vec2.cpp">
      <Filter>Engine\Math</Filter>
    </ClCompile>
    <ClCompile Include="src\math\rect.cpp">
      <Filter>Engine\Math</Filter>
    </ClCompile>
    <ClCompile Include="src\physics\collider.cpp">
      <Filter>Engine\Physics</Filter>
    </ClCompile>
    <ClCompile Include="src\core\entity.cpp">
      <Filter>Engine\Core</Filter>
    </ClCompile>
    <ClCompile Include="src\core\system.cpp">
      <Filter>Engine\Core</Filter>
    </ClCompile>
    <ClCompile Include="src\core\world.cpp">
      <Filter>Engine\Core</Filter>
    </ClCompile>
    <ClCompile Include="src\resources\gametime.cpp">
      <Filter>Engine\Resources</Filter>
    </ClCompile>
    <ClCompile Include="src\physics\rigidbody.cpp">
      <Filter>Engine\Physics</Filter>
    </ClCompile>
    <ClCompile Include="src\physics\manager.cpp">
      <Filter>Engine\Resources</Filter>
    </ClCompile>
  </ItemGroup>
  <ItemGroup>
    <ClInclude Include="stdafx.h" />
    <ClInclude Include="App\app.h">
      <Filter>API</Filter>
    </ClInclude>
    <ClInclude Include="App\AppSettings.h">
      <Filter>API</Filter>
    </ClInclude>
    <ClInclude Include="App\main.h">
      <Filter>API</Filter>
    </ClInclude>
    <ClInclude Include="App\SimpleController.h">
      <Filter>API</Filter>
    </ClInclude>
    <ClInclude Include="App\SimpleSound.h">
      <Filter>API</Filter>
    </ClInclude>
    <ClInclude Include="App\SimpleSprite.h">
      <Filter>API</Filter>
    </ClInclude>
    <ClInclude Include="targetver.h">
      <Filter>API</Filter>
    </ClInclude>
    <ClInclude Include="stb_image\stb_image.h">
      <Filter>stb_image</Filter>
    </ClInclude>
    <ClInclude Include="src\graphics\camera.h">
      <Filter>Engine\Graphics</Filter>
    </ClInclude>
    <ClInclude Include="src\graphics\color.h">
      <Filter>Engine\Graphics</Filter>
    </ClInclude>
    <ClInclude Include="src\graphics\debug.h">
      <Filter>Engine\Graphics</Filter>
    </ClInclude>
    <ClInclude Include="src\graphics\font.h">
      <Filter>Engine\Graphics</Filter>
    </ClInclude>
    <ClInclude Include="src\math\matrix.h">
      <Filter>Engine\Math</Filter>
    </ClInclude>
    <ClInclude Include="src\math\quaternion.h">
      <Filter>Engine\Math</Filter>
    </ClInclude>
    <ClInclude Include="src\math\vectors.h">
      <Filter>Engine\Math</Filter>
    </ClInclude>
    <ClInclude Include="src\math\utils.h">
      <Filter>Engine\Math</Filter>
    </ClInclude>
    <ClInclude Include="src\core\entity.h">
      <Filter>Engine\Core</Filter>
    </ClInclude>
    <ClInclude Include="src\physics\collider.h">
      <Filter>Engine\Physics</Filter>
    </ClInclude>
    <ClInclude Include="src\core\world.h">
      <Filter>Engine\Core</Filter>
    </ClInclude>
    <ClInclude Include="src\core\system.h">
      <Filter>Engine\Core</Filter>
    </ClInclude>
    <ClInclude Include="src\core\resource.h">
      <Filter>Engine\Core</Filter>
    </ClInclude>
    <ClInclude Include="src\resources\gametime.h">
      <Filter>Engine\Resources</Filter>
    </ClInclude>
    <ClInclude Include="src\physics\rigidbody.h">
      <Filter>Engine\Physics</Filter>
    </ClInclude>
    <ClInclude Include="src\physics\manager.h">
      <Filter>Engine\Resources</Filter>
    </ClInclude>
  </ItemGroup>
  <ItemGroup>
    <Filter Include="stb_image">
      <UniqueIdentifier>{61cfc19b-c57e-4021-b530-bac172fcba86}</UniqueIdentifier>
    </Filter>
    <Filter Include="API">
      <UniqueIdentifier>{f318918d-bb9f-4402-ae1c-4f72186d16f6}</UniqueIdentifier>
    </Filter>
    <Filter Include="Engine">
      <UniqueIdentifier>{4b7a02bc-cc9a-4d75-a3d3-7f870bb40375}</UniqueIdentifier>
    </Filter>
    <Filter Include="Engine\Graphics">
      <UniqueIdentifier>{dab206e3-4faf-40d1-bacd-f7d0cc44d11e}</UniqueIdentifier>
    </Filter>
    <Filter Include="Engine\Math">
      <UniqueIdentifier>{1233e326-a0a6-4bd3-87eb-a59631c07355}</UniqueIdentifier>
    </Filter>
    <Filter Include="Engine\Physics">
      <UniqueIdentifier>{6377ba87-5195-4939-9566-db77f64784db}</UniqueIdentifier>
    </Filter>
    <Filter Include="Engine\Core">
      <UniqueIdentifier>{bec26565-d5bf-42b1-928c-4df053412eb0}</UniqueIdentifier>
    </Filter>
    <Filter Include="Engine\Resources">
      <UniqueIdentifier>{1b20121f-355c-484b-a3ff-37958a3550d5}</UniqueIdentifier>
    </Filter>
  </ItemGroup>
  <ItemGroup>
    <Text Include="ReadMe.txt">
      <Filter>API</Filter>
    </Text>
  </ItemGroup>
</Project>